
Microsoft Visual Studio Solution File, Format Version 12.00
# Visual Studio Version 16
VisualStudioVersion = 16.0.31729.503
MinimumVisualStudioVersion = 10.0.40219.1
Project("{FAE04EC0-301F-11D3-BF4B-00C04F79EFBC}") = "pr2_1", "pr2_1\pr2_1.csproj", "{AB151CD9-3165-4437-AD32-844A5D28EADD}"
EndProject
Global
	GlobalSection(SolutionConfigurationPlatforms) = preSolution
		Debug|Any CPU = Debug|Any CPU
		Release|Any CPU = Release|Any CPU
	EndGlobalSection
	GlobalSection(ProjectConfigurationPlatforms) = postSolution
		{AB151CD9-3165-4437-AD32-844A5D28EADD}.Debug|Any CPU.ActiveCfg = Debug|Any CPU
		{AB151CD9-3165-4437-AD32-844A5D28EADD}.Debug|Any CPU.Build.0 = Debug|Any CPU
		{AB151CD9-3165-4437-AD32-844A5D28EADD}.Release|Any CPU.ActiveCfg = Release|Any CPU
		{AB151CD9-3165-4437-AD32-844A5D28EADD}.Release|Any CPU.Build.0 = Release|Any CPU
	EndGlobalSection
	GlobalSection(SolutionProperties) = preSolution
		HideSolutionNode = FALSE
	EndGlobalSection
	GlobalSection(ExtensibilityGlobals) = postSolution
		SolutionGuid = {3DBDD477-1A72-47BA-86F4-1C0F6AFC096B}
	EndGlobalSection
EndGlobal
